
Microsoft Visual Studio Solution File, Format Version 12.00
# Visual Studio Version 17
VisualStudioVersion = 17.0.31903.59
MinimumVisualStudioVersion = 10.0.40219.1
Project("{2150E333-8FDC-42A3-9474-1A3956D46DE8}") = "src", "src", "{B40213D1-91C8-4B2B-9B56-315F2E27F7F5}"
EndProject
Project("{9A19103F-16F7-4668-BE54-9A1E7A4F7556}") = "InferenceEngine.Core", "src\InferenceEngine.Core\InferenceEngine.Core.csproj", "{6B975CD1-2B7C-41F6-BA64-A43359282686}"
EndProject
Project("{9A19103F-16F7-4668-BE54-9A1E7A4F7556}") = "InferenceEngine.Models", "src\InferenceEngine.Models\InferenceEngine.Models.csproj", "{2E297F3C-10FB-41A5-A203-3A114D4F7D67}"
EndProject
Project("{9A19103F-16F7-4668-BE54-9A1E7A4F7556}") = "InferenceEngine.Tokenizers", "src\InferenceEngine.Tokenizers\InferenceEngine.Tokenizers.csproj", "{972C638F-FD32-4B34-9F6C-78D036A5B73F}"
EndProject
Project("{9A19103F-16F7-4668-BE54-9A1E7A4F7556}") = "InferenceEngine.Engine", "src\InferenceEngine.Engine\InferenceEngine.Engine.csproj", "{C0820C63-1150-4ECD-840F-E573F2B7777C}"
EndProject
Project("{9A19103F-16F7-4668-BE54-9A1E7A4F7556}") = "InferenceEngine.Cli", "src\InferenceEngine.Cli\InferenceEngine.Cli.csproj", "{87D94F59-4B25-451F-93E1-A9F6545DA093}"
EndProject
Project("{2150E333-8FDC-42A3-9474-1A3956D46DE8}") = "tests", "tests", "{0AB3BF05-4346-4AA6-1389-037BE0695223}"
EndProject
Project("{FAE04EC0-301F-11D3-BF4B-00C04F79EFBC}") = "InferenceEngine.Core.Tests", "tests\InferenceEngine.Core.Tests\InferenceEngine.Core.Tests.csproj", "{3B357765-AA3A-486C-BE6C-0B30E612CE19}"
EndProject
Project("{FAE04EC0-301F-11D3-BF4B-00C04F79EFBC}") = "InferenceEngine.Models.Tests", "tests\InferenceEngine.Models.Tests\InferenceEngine.Models.Tests.csproj", "{71737703-8540-4926-A634-089EC6C1E64B}"
EndProject
Project("{FAE04EC0-301F-11D3-BF4B-00C04F79EFBC}") = "InferenceEngine.Tokenizers.Tests", "tests\InferenceEngine.Tokenizers.Tests\InferenceEngine.Tokenizers.Tests.csproj", "{0B220B03-4810-4A05-9316-52B78B54E831}"
EndProject
Project("{FAE04EC0-301F-11D3-BF4B-00C04F79EFBC}") = "InferenceEngine.Engine.Tests", "tests\InferenceEngine.Engine.Tests\InferenceEngine.Engine.Tests.csproj", "{47E738D0-28C2-49CA-8C76-9EB82C0ADD0D}"
EndProject
Project("{FAE04EC0-301F-11D3-BF4B-00C04F79EFBC}") = "InferenceEngine.Cli.Tests", "tests\InferenceEngine.Cli.Tests\InferenceEngine.Cli.Tests.csproj", "{F16BFD10-0B8A-46EF-8229-502A08F3C493}"
EndProject
Global
	GlobalSection(SolutionConfigurationPlatforms) = preSolution
		Debug|Any CPU = Debug|Any CPU
		Debug|x64 = Debug|x64
		Debug|x86 = Debug|x86
		Release|Any CPU = Release|Any CPU
		Release|x64 = Release|x64
		Release|x86 = Release|x86
	EndGlobalSection
	GlobalSection(ProjectConfigurationPlatforms) = postSolution
		{6B975CD1-2B7C-41F6-BA64-A43359282686}.Debug|Any CPU.ActiveCfg = Debug|Any CPU
		{6B975CD1-2B7C-41F6-BA64-A43359282686}.Debug|Any CPU.Build.0 = Debug|Any CPU
		{6B975CD1-2B7C-41F6-BA64-A43359282686}.Debug|x64.ActiveCfg = Debug|Any CPU
		{6B975CD1-2B7C-41F6-BA64-A43359282686}.Debug|x64.Build.0 = Debug|Any CPU
		{6B975CD1-2B7C-41F6-BA64-A43359282686}.Debug|x86.ActiveCfg = Debug|Any CPU
		{6B975CD1-2B7C-41F6-BA64-A43359282686}.Debug|x86.Build.0 = Debug|Any CPU
		{6B975CD1-2B7C-41F6-BA64-A43359282686}.Release|Any CPU.ActiveCfg = Release|Any CPU
		{6B975CD1-2B7C-41F6-BA64-A43359282686}.Release|Any CPU.Build.0 = Release|Any CPU
		{6B975CD1-2B7C-41F6-BA64-A43359282686}.Release|x64.ActiveCfg = Release|Any CPU
		{6B975CD1-2B7C-41F6-BA64-A43359282686}.Release|x64.Build.0 = Release|Any CPU
		{6B975CD1-2B7C-41F6-BA64-A43359282686}.Release|x86.ActiveCfg = Release|Any CPU
		{6B975CD1-2B7C-41F6-BA64-A43359282686}.Release|x86.Build.0 = Release|Any CPU
		{2E297F3C-10FB-41A5-A203-3A114D4F7D67}.Debug|Any CPU.ActiveCfg = Debug|Any CPU
		{2E297F3C-10FB-41A5-A203-3A114D4F7D67}.Debug|Any CPU.Build.0 = Debug|Any CPU
		{2E297F3C-10FB-41A5-A203-3A114D4F7D67}.Debug|x64.ActiveCfg = Debug|Any CPU
		{2E297F3C-10FB-41A5-A203-3A114D4F7D67}.Debug|x64.Build.0 = Debug|Any CPU
		{2E297F3C-10FB-41A5-A203-3A114D4F7D67}.Debug|x86.ActiveCfg = Debug|Any CPU
		{2E297F3C-10FB-41A5-A203-3A114D4F7D67}.Debug|x86.Build.0 = Debug|Any CPU
		{2E297F3C-10FB-41A5-A203-3A114D4F7D67}.Release|Any CPU.ActiveCfg = Release|Any CPU
		{2E297F3C-10FB-41A5-A203-3A114D4F7D67}.Release|Any CPU.Build.0 = Release|Any CPU
		{2E297F3C-10FB-41A5-A203-3A114D4F7D67}.Release|x64.ActiveCfg = Release|Any CPU
		{2E297F3C-10FB-41A5-A203-3A114D4F7D67}.Release|x64.Build.0 = Release|Any CPU
		{2E297F3C-10FB-41A5-A203-3A114D4F7D67}.Release|x86.ActiveCfg = Release|Any CPU
		{2E297F3C-10FB-41A5-A203-3A114D4F7D67}.Release|x86.Build.0 = Release|Any CPU
		{972C638F-FD32-4B34-9F6C-78D036A5B73F}.Debug|Any CPU.ActiveCfg = Debug|Any CPU
		{972C638F-FD32-4B34-9F6C-78D036A5B73F}.Debug|Any CPU.Build.0 = Debug|Any CPU
		{972C638F-FD32-4B34-9F6C-78D036A5B73F}.Debug|x64.ActiveCfg = Debug|Any CPU
		{972C638F-FD32-4B34-9F6C-78D036A5B73F}.Debug|x64.Build.0 = Debug|Any CPU
		{972C638F-FD32-4B34-9F6C-78D036A5B73F}.Debug|x86.ActiveCfg = Debug|Any CPU
		{972C638F-FD32-4B34-9F6C-78D036A5B73F}.Debug|x86.Build.0 = Debug|Any CPU
		{972C638F-FD32-4B34-9F6C-78D036A5B73F}.Release|Any CPU.ActiveCfg = Release|Any CPU
		{972C638F-FD32-4B34-9F6C-78D036A5B73F}.Release|Any CPU.Build.0 = Release|Any CPU
		{972C638F-FD32-4B34-9F6C-78D036A5B73F}.Release|x64.ActiveCfg = Release|Any CPU
		{972C638F-FD32-4B34-9F6C-78D036A5B73F}.Release|x64.Build.0 = Release|Any CPU
		{972C638F-FD32-4B34-9F6C-78D036A5B73F}.Release|x86.ActiveCfg = Release|Any CPU
		{972C638F-FD32-4B34-9F6C-78D036A5B73F}.Release|x86.Build.0 = Release|Any CPU
		{C0820C63-1150-4ECD-840F-E573F2B7777C}.Debug|Any CPU.ActiveCfg = Debug|Any CPU
		{C0820C63-1150-4ECD-840F-E573F2B7777C}.Debug|Any CPU.Build.0 = Debug|Any CPU
		{C0820C63-1150-4ECD-840F-E573F2B7777C}.Debug|x64.ActiveCfg = Debug|Any CPU
		{C0820C63-1150-4ECD-840F-E573F2B7777C}.Debug|x64.Build.0 = Debug|Any CPU
		{C0820C63-1150-4ECD-840F-E573F2B7777C}.Debug|x86.ActiveCfg = Debug|Any CPU
		{C0820C63-1150-4ECD-840F-E573F2B7777C}.Debug|x86.Build.0 = Debug|Any CPU
		{C0820C63-1150-4ECD-840F-E573F2B7777C}.Release|Any CPU.ActiveCfg = Release|Any CPU
		{C0820C63-1150-4ECD-840F-E573F2B7777C}.Release|Any CPU.Build.0 = Release|Any CPU
		{C0820C63-1150-4ECD-840F-E573F2B7777C}.Release|x64.ActiveCfg = Release|Any CPU
		{C0820C63-1150-4ECD-840F-E573F2B7777C}.Release|x64.Build.0 = Release|Any CPU
		{C0820C63-1150-4ECD-840F-E573F2B7777C}.Release|x86.ActiveCfg = Release|Any CPU
		{C0820C63-1150-4ECD-840F-E573F2B7777C}.Release|x86.Build.0 = Release|Any CPU
		{87D94F59-4B25-451F-93E1-A9F6545DA093}.Debug|Any CPU.ActiveCfg = Debug|Any CPU
		{87D94F59-4B25-451F-93E1-A9F6545DA093}.Debug|Any CPU.Build.0 = Debug|Any CPU
		{87D94F59-4B25-451F-93E1-A9F6545DA093}.Debug|x64.ActiveCfg = Debug|Any CPU
		{87D94F59-4B25-451F-93E1-A9F6545DA093}.Debug|x64.Build.0 = Debug|Any CPU
		{87D94F59-4B25-451F-93E1-A9F6545DA093}.Debug|x86.ActiveCfg = Debug|Any CPU
		{87D94F59-4B25-451F-93E1-A9F6545DA093}.Debug|x86.Build.0 = Debug|Any CPU
		{87D94F59-4B25-451F-93E1-A9F6545DA093}.Release|Any CPU.ActiveCfg = Release|Any CPU
		{87D94F59-4B25-451F-93E1-A9F6545DA093}.Release|Any CPU.Build.0 = Release|Any CPU
		{87D94F59-4B25-451F-93E1-A9F6545DA093}.Release|x64.ActiveCfg = Release|Any CPU
		{87D94F59-4B25-451F-93E1-A9F6545DA093}.Release|x64.Build.0 = Release|Any CPU
		{87D94F59-4B25-451F-93E1-A9F6545DA093}.Release|x86.ActiveCfg = Release|Any CPU
		{87D94F59-4B25-451F-93E1-A9F6545DA093}.Release|x86.Build.0 = Release|Any CPU
		{3B357765-AA3A-486C-BE6C-0B30E612CE19}.Debug|Any CPU.ActiveCfg = Debug|Any CPU
		{3B357765-AA3A-486C-BE6C-0B30E612CE19}.Debug|Any CPU.Build.0 = Debug|Any CPU
		{3B357765-AA3A-486C-BE6C-0B30E612CE19}.Debug|x64.ActiveCfg = Debug|Any CPU
		{3B357765-AA3A-486C-BE6C-0B30E612CE19}.Debug|x64.Build.0 = Debug|Any CPU
		{3B357765-AA3A-486C-BE6C-0B30E612CE19}.Debug|x86.ActiveCfg = Debug|Any CPU
		{3B357765-AA3A-486C-BE6C-0B30E612CE19}.Debug|x86.Build.0 = Debug|Any CPU
		{3B357765-AA3A-486C-BE6C-0B30E612CE19}.Release|Any CPU.ActiveCfg = Release|Any CPU
		{3B357765-AA3A-486C-BE6C-0B30E612CE19}.Release|Any CPU.Build.0 = Release|Any CPU
		{3B357765-AA3A-486C-BE6C-0B30E612CE19}.Release|x64.ActiveCfg = Release|Any CPU
		{3B357765-AA3A-486C-BE6C-0B30E612CE19}.Release|x64.Build.0 = Release|Any CPU
		{3B357765-AA3A-486C-BE6C-0B30E612CE19}.Release|x86.ActiveCfg = Release|Any CPU
		{3B357765-AA3A-486C-BE6C-0B30E612CE19}.Release|x86.Build.0 = Release|Any CPU
		{71737703-8540-4926-A634-089EC6C1E64B}.Debug|Any CPU.ActiveCfg = Debug|Any CPU
		{71737703-8540-4926-A634-089EC6C1E64B}.Debug|Any CPU.Build.0 = Debug|Any CPU
		{71737703-8540-4926-A634-089EC6C1E64B}.Debug|x64.ActiveCfg = Debug|Any CPU
		{71737703-8540-4926-A634-089EC6C1E64B}.Debug|x64.Build.0 = Debug|Any CPU
		{71737703-8540-4926-A634-089EC6C1E64B}.Debug|x86.ActiveCfg = Debug|Any CPU
		{71737703-8540-4926-A634-089EC6C1E64B}.Debug|x86.Build.0 = Debug|Any CPU
		{71737703-8540-4926-A634-089EC6C1E64B}.Release|Any CPU.ActiveCfg = Release|Any CPU
		{71737703-8540-4926-A634-089EC6C1E64B}.Release|Any CPU.Build.0 = Release|Any CPU
		{71737703-8540-4926-A634-089EC6C1E64B}.Release|x64.ActiveCfg = Release|Any CPU
		{71737703-8540-4926-A634-089EC6C1E64B}.Release|x64.Build.0 = Release|Any CPU
		{71737703-8540-4926-A634-089EC6C1E64B}.Release|x86.ActiveCfg = Release|Any CPU
		{71737703-8540-4926-A634-089EC6C1E64B}.Release|x86.Build.0 = Release|Any CPU
		{0B220B03-4810-4A05-9316-52B78B54E831}.Debug|Any CPU.ActiveCfg = Debug|Any CPU
		{0B220B03-4810-4A05-9316-52B78B54E831}.Debug|Any CPU.Build.0 = Debug|Any CPU
		{0B220B03-4810-4A05-9316-52B78B54E831}.Debug|x64.ActiveCfg = Debug|Any CPU
		{0B220B03-4810-4A05-9316-52B78B54E831}.Debug|x64.Build.0 = Debug|Any CPU
		{0B220B03-4810-4A05-9316-52B78B54E831}.Debug|x86.ActiveCfg = Debug|Any CPU
		{0B220B03-4810-4A05-9316-52B78B54E831}.Debug|x86.Build.0 = Debug|Any CPU
		{0B220B03-4810-4A05-9316-52B78B54E831}.Release|Any CPU.ActiveCfg = Release|Any CPU
		{0B220B03-4810-4A05-9316-52B78B54E831}.Release|Any CPU.Build.0 = Release|Any CPU
		{0B220B03-4810-4A05-9316-52B78B54E831}.Release|x64.ActiveCfg = Release|Any CPU
		{0B220B03-4810-4A05-9316-52B78B54E831}.Release|x64.Build.0 = Release|Any CPU
		{0B220B03-4810-4A05-9316-52B78B54E831}.Release|x86.ActiveCfg = Release|Any CPU
		{0B220B03-4810-4A05-9316-52B78B54E831}.Release|x86.Build.0 = Release|Any CPU
		{47E738D0-28C2-49CA-8C76-9EB82C0ADD0D}.Debug|Any CPU.ActiveCfg = Debug|Any CPU
		{47E738D0-28C2-49CA-8C76-9EB82C0ADD0D}.Debug|Any CPU.Build.0 = Debug|Any CPU
		{47E738D0-28C2-49CA-8C76-9EB82C0ADD0D}.Debug|x64.ActiveCfg = Debug|Any CPU
		{47E738D0-28C2-49CA-8C76-9EB82C0ADD0D}.Debug|x64.Build.0 = Debug|Any CPU
		{47E738D0-28C2-49CA-8C76-9EB82C0ADD0D}.Debug|x86.ActiveCfg = Debug|Any CPU
		{47E738D0-28C2-49CA-8C76-9EB82C0ADD0D}.Debug|x86.Build.0 = Debug|Any CPU
		{47E738D0-28C2-49CA-8C76-9EB82C0ADD0D}.Release|Any CPU.ActiveCfg = Release|Any CPU
		{47E738D0-28C2-49CA-8C76-9EB82C0ADD0D}.Release|Any CPU.Build.0 = Release|Any CPU
		{47E738D0-28C2-49CA-8C76-9EB82C0ADD0D}.Release|x64.ActiveCfg = Release|Any CPU
		{47E738D0-28C2-49CA-8C76-9EB82C0ADD0D}.Release|x64.Build.0 = Release|Any CPU
		{47E738D0-28C2-49CA-8C76-9EB82C0ADD0D}.Release|x86.ActiveCfg = Release|Any CPU
		{47E738D0-28C2-49CA-8C76-9EB82C0ADD0D}.Release|x86.Build.0 = Release|Any CPU
		{F16BFD10-0B8A-46EF-8229-502A08F3C493}.Debug|Any CPU.ActiveCfg = Debug|Any CPU
		{F16BFD10-0B8A-46EF-8229-502A08F3C493}.Debug|Any CPU.Build.0 = Debug|Any CPU
		{F16BFD10-0B8A-46EF-8229-502A08F3C493}.Debug|x64.ActiveCfg = Debug|Any CPU
		{F16BFD10-0B8A-46EF-8229-502A08F3C493}.Debug|x64.Build.0 = Debug|Any CPU
		{F16BFD10-0B8A-46EF-8229-502A08F3C493}.Debug|x86.ActiveCfg = Debug|Any CPU
		{F16BFD10-0B8A-46EF-8229-502A08F3C493}.Debug|x86.Build.0 = Debug|Any CPU
		{F16BFD10-0B8A-46EF-8229-502A08F3C493}.Release|Any CPU.ActiveCfg = Release|Any CPU
		{F16BFD10-0B8A-46EF-8229-502A08F3C493}.Release|Any CPU.Build.0 = Release|Any CPU
		{F16BFD10-0B8A-46EF-8229-502A08F3C493}.Release|x64.ActiveCfg = Release|Any CPU
		{F16BFD10-0B8A-46EF-8229-502A08F3C493}.Release|x64.Build.0 = Release|Any CPU
		{F16BFD10-0B8A-46EF-8229-502A08F3C493}.Release|x86.ActiveCfg = Release|Any CPU
		{F16BFD10-0B8A-46EF-8229-502A08F3C493}.Release|x86.Build.0 = Release|Any CPU
	EndGlobalSection
	GlobalSection(SolutionProperties) = preSolution
		HideSolutionNode = FALSE
	EndGlobalSection
	GlobalSection(NestedProjects) = preSolution
		{6B975CD1-2B7C-41F6-BA64-A43359282686} = {B40213D1-91C8-4B2B-9B56-315F2E27F7F5}
		{2E297F3C-10FB-41A5-A203-3A114D4F7D67} = {B40213D1-91C8-4B2B-9B56-315F2E27F7F5}
		{972C638F-FD32-4B34-9F6C-78D036A5B73F} = {B40213D1-91C8-4B2B-9B56-315F2E27F7F5}
		{C0820C63-1150-4ECD-840F-E573F2B7777C} = {B40213D1-91C8-4B2B-9B56-315F2E27F7F5}
		{87D94F59-4B25-451F-93E1-A9F6545DA093} = {B40213D1-91C8-4B2B-9B56-315F2E27F7F5}
		{3B357765-AA3A-486C-BE6C-0B30E612CE19} = {0AB3BF05-4346-4AA6-1389-037BE0695223}
		{71737703-8540-4926-A634-089EC6C1E64B} = {0AB3BF05-4346-4AA6-1389-037BE0695223}
		{0B220B03-4810-4A05-9316-52B78B54E831} = {0AB3BF05-4346-4AA6-1389-037BE0695223}
		{47E738D0-28C2-49CA-8C76-9EB82C0ADD0D} = {0AB3BF05-4346-4AA6-1389-037BE0695223}
		{F16BFD10-0B8A-46EF-8229-502A08F3C493} = {0AB3BF05-4346-4AA6-1389-037BE0695223}
	EndGlobalSection
EndGlobal
